
Microsoft Visual Studio Solution File, Format Version 12.00
# Visual Studio Version 16
VisualStudioVersion = 16.0.30413.136
MinimumVisualStudioVersion = 10.0.40219.1
Project("{FAE04EC0-301F-11D3-BF4B-00C04F79EFBC}") = "VisualStudio2019-CSharpGitDemo", "VisualStudio2019-CSharpGitDemo.csproj", "{7E83620E-3C7C-491E-B77C-D8F829A43431}"
EndProject
Global
	GlobalSection(SolutionConfigurationPlatforms) = preSolution
		Debug|Any CPU = Debug|Any CPU
		Release|Any CPU = Release|Any CPU
	EndGlobalSection
	GlobalSection(ProjectConfigurationPlatforms) = postSolution
		{7E83620E-3C7C-491E-B77C-D8F829A43431}.Debug|Any CPU.ActiveCfg = Debug|Any CPU
		{7E83620E-3C7C-491E-B77C-D8F829A43431}.Debug|Any CPU.Build.0 = Debug|Any CPU
		{7E83620E-3C7C-491E-B77C-D8F829A43431}.Release|Any CPU.ActiveCfg = Release|Any CPU
		{7E83620E-3C7C-491E-B77C-D8F829A43431}.Release|Any CPU.Build.0 = Release|Any CPU
	EndGlobalSection
	GlobalSection(SolutionProperties) = preSolution
		HideSolutionNode = FALSE
	EndGlobalSection
	GlobalSection(ExtensibilityGlobals) = postSolution
		SolutionGuid = {6BB62554-86BE-4889-A3B0-43D1062D144D}
	EndGlobalSection
EndGlobal
